
Microsoft Visual Studio Solution File, Format Version 12.00
# Visual Studio Version 17
VisualStudioVersion = 17.11.35327.3
MinimumVisualStudioVersion = 10.0.40219.1
Project("{FAE04EC0-301F-11D3-BF4B-00C04F79EFBC}") = "Lab4", "Lab4.csproj", "{755B545E-FC9F-4D62-A35D-C4DDC98DF815}"
EndProject
Global
	GlobalSection(SolutionConfigurationPlatforms) = preSolution
		Debug|Any CPU = Debug|Any CPU
		Release|Any CPU = Release|Any CPU
	EndGlobalSection
	GlobalSection(ProjectConfigurationPlatforms) = postSolution
		{755B545E-FC9F-4D62-A35D-C4DDC98DF815}.Debug|Any CPU.ActiveCfg = Debug|Any CPU
		{755B545E-FC9F-4D62-A35D-C4DDC98DF815}.Debug|Any CPU.Build.0 = Debug|Any CPU
		{755B545E-FC9F-4D62-A35D-C4DDC98DF815}.Release|Any CPU.ActiveCfg = Release|Any CPU
		{755B545E-FC9F-4D62-A35D-C4DDC98DF815}.Release|Any CPU.Build.0 = Release|Any CPU
	EndGlobalSection
	GlobalSection(SolutionProperties) = preSolution
		HideSolutionNode = FALSE
	EndGlobalSection
	GlobalSection(ExtensibilityGlobals) = postSolution
		SolutionGuid = {CD8339EA-4A76-4C20-8C31-730CB52276FA}
	EndGlobalSection
EndGlobal
