
Microsoft Visual Studio Solution File, Format Version 12.00
# Visual Studio Version 17
VisualStudioVersion = 17.11.35327.3
MinimumVisualStudioVersion = 10.0.40219.1
Project("{FAE04EC0-301F-11D3-BF4B-00C04F79EFBC}") = "Lab2", "Lab2.csproj", "{3472B268-21BB-4DAC-9613-1C65CCA481C5}"
EndProject
Global
	GlobalSection(SolutionConfigurationPlatforms) = preSolution
		Debug|Any CPU = Debug|Any CPU
		Release|Any CPU = Release|Any CPU
	EndGlobalSection
	GlobalSection(ProjectConfigurationPlatforms) = postSolution
		{3472B268-21BB-4DAC-9613-1C65CCA481C5}.Debug|Any CPU.ActiveCfg = Debug|Any CPU
		{3472B268-21BB-4DAC-9613-1C65CCA481C5}.Debug|Any CPU.Build.0 = Debug|Any CPU
		{3472B268-21BB-4DAC-9613-1C65CCA481C5}.Release|Any CPU.ActiveCfg = Release|Any CPU
		{3472B268-21BB-4DAC-9613-1C65CCA481C5}.Release|Any CPU.Build.0 = Release|Any CPU
	EndGlobalSection
	GlobalSection(SolutionProperties) = preSolution
		HideSolutionNode = FALSE
	EndGlobalSection
	GlobalSection(ExtensibilityGlobals) = postSolution
		SolutionGuid = {D4B28BF8-8CA4-4919-87BB-45ACC7AB3134}
	EndGlobalSection
EndGlobal
